// !$*UTF8*$!
{
	archiveVersion = 1;
	classes = {
	};
	objectVersion = 46;
	objects = {

/* Begin PBXBuildFile section */
		8242A06C1F3D306200C2EFCC /* main.m in Sources */ = {isa = PBXBuildFile; fileRef = 8242A06B1F3D306200C2EFCC /* main.m */; };
		8242A06F1F3D306200C2EFCC /* AppDelegate.m in Sources */ = {isa = PBXBuildFile; fileRef = 8242A06E1F3D306200C2EFCC /* AppDelegate.m */; };
		8242A0721F3D306200C2EFCC /* ViewController.m in Sources */ = {isa = PBXBuildFile; fileRef = 8242A0711F3D306200C2EFCC /* ViewController.m */; };
		8242A0751F3D306200C2EFCC /* Main.storyboard in Resources */ = {isa = PBXBuildFile; fileRef = 8242A0731F3D306200C2EFCC /* Main.storyboard */; };
		8242A0771F3D306200C2EFCC /* Assets.xcassets in Resources */ = {isa = PBXBuildFile; fileRef = 8242A0761F3D306200C2EFCC /* Assets.xcassets */; };
		8242A07A1F3D306200C2EFCC /* LaunchScreen.storyboard in Resources */ = {isa = PBXBuildFile; fileRef = 8242A0781F3D306200C2EFCC /* LaunchScreen.storyboard */; };
		8242A0B41F3D842400C2EFCC /* screenshot.gif in Resources */ = {isa = PBXBuildFile; fileRef = 8242A0B31F3D842400C2EFCC /* screenshot.gif */; };
		82B034FE1F5CD79600659CB6 /* UIView+FloatKeyboard.m in Sources */ = {isa = PBXBuildFile; fileRef = 82B034FD1F5CD79600659CB6 /* UIView+FloatKeyboard.m */; };
		82B035011F5CD7CF00659CB6 /* FKTextField.m in Sources */ = {isa = PBXBuildFile; fileRef = 82B035001F5CD7CF00659CB6 /* FKTextField.m */; };
		82B035041F5CD7E100659CB6 /* FKTextView.m in Sources */ = {isa = PBXBuildFile; fileRef = 82B035031F5CD7E100659CB6 /* FKTextView.m */; };
/* End PBXBuildFile section */

/* Begin PBXFileReference section */
		8242A0671F3D306200C2EFCC /* FloatableKeyboard.app */ = {isa = PBXFileReference; explicitFileType = wrapper.application; includeInIndex = 0; path = FloatableKeyboard.app; sourceTree = BUILT_PRODUCTS_DIR; };
		8242A06B1F3D306200C2EFCC /* main.m */ = {isa = PBXFileReference; lastKnownFileType = sourcecode.c.objc; path = main.m; sourceTree = "<group>"; };
		8242A06D1F3D306200C2EFCC /* AppDelegate.h */ = {isa = PBXFileReference; lastKnownFileType = sourcecode.c.h; path = AppDelegate.h; sourceTree = "<group>"; };
		8242A06E1F3D306200C2EFCC /* AppDelegate.m */ = {isa = PBXFileReference; lastKnownFileType = sourcecode.c.objc; path = AppDelegate.m; sourceTree = "<group>"; };
		8242A0701F3D306200C2EFCC /* ViewController.h */ = {isa = PBXFileReference; lastKnownFileType = sourcecode.c.h; path = ViewController.h; sourceTree = "<group>"; };
		8242A0711F3D306200C2EFCC /* ViewController.m */ = {isa = PBXFileReference; lastKnownFileType = sourcecode.c.objc; path = ViewController.m; sourceTree = "<group>"; };
		8242A0741F3D306200C2EFCC /* Base */ = {isa = PBXFileReference; lastKnownFileType = file.storyboard; name = Base; path = Base.lproj/Main.storyboard; sourceTree = "<group>"; };
		8242A0761F3D306200C2EFCC /* Assets.xcassets */ = {isa = PBXFileReference; lastKnownFileType = folder.assetcatalog; path = Assets.xcassets; sourceTree = "<group>"; };
		8242A0791F3D306200C2EFCC /* Base */ = {isa = PBXFileReference; lastKnownFileType = file.storyboard; name = Base; path = Base.lproj/LaunchScreen.storyboard; sourceTree = "<group>"; };
		8242A07B1F3D306200C2EFCC /* Info.plist */ = {isa = PBXFileReference; lastKnownFileType = text.plist.xml; path = Info.plist; sourceTree = "<group>"; };
		8242A0B31F3D842400C2EFCC /* screenshot.gif */ = {isa = PBXFileReference; lastKnownFileType = image.gif; path = screenshot.gif; sourceTree = "<group>"; };
		82B034FC1F5CD79600659CB6 /* UIView+FloatKeyboard.h */ = {isa = PBXFileReference; fileEncoding = 4; lastKnownFileType = sourcecode.c.h; path = "UIView+FloatKeyboard.h"; sourceTree = "<group>"; };
		82B034FD1F5CD79600659CB6 /* UIView+FloatKeyboard.m */ = {isa = PBXFileReference; fileEncoding = 4; lastKnownFileType = sourcecode.c.objc; path = "UIView+FloatKeyboard.m"; sourceTree = "<group>"; };
		82B034FF1F5CD7CF00659CB6 /* FKTextField.h */ = {isa = PBXFileReference; fileEncoding = 4; lastKnownFileType = sourcecode.c.h; path = FKTextField.h; sourceTree = "<group>"; };
		82B035001F5CD7CF00659CB6 /* FKTextField.m */ = {isa = PBXFileReference; fileEncoding = 4; lastKnownFileType = sourcecode.c.objc; path = FKTextField.m; sourceTree = "<group>"; };
		82B035021F5CD7E100659CB6 /* FKTextView.h */ = {isa = PBXFileReference; fileEncoding = 4; lastKnownFileType = sourcecode.c.h; path = FKTextView.h; sourceTree = "<group>"; };
		82B035031F5CD7E100659CB6 /* FKTextView.m */ = {isa = PBXFileReference; fileEncoding = 4; lastKnownFileType = sourcecode.c.objc; path = FKTextView.m; sourceTree = "<group>"; };
/* End PBXFileReference section */

/* Begin PBXFrameworksBuildPhase section */
		8242A0641F3D306200C2EFCC /* Frameworks */ = {
			isa = PBXFrameworksBuildPhase;
			buildActionMask = 2147483647;
			files = (
			);
			runOnlyForDeploymentPostprocessing = 0;
		};
/* End PBXFrameworksBuildPhase section */

/* Begin PBXGroup section */
		8242A05E1F3D306100C2EFCC = {
			isa = PBXGroup;
			children = (
				8242A0691F3D306200C2EFCC /* FloatableKeyboard */,
				8242A0681F3D306200C2EFCC /* Products */,
			);
			sourceTree = "<group>";
		};
		8242A0681F3D306200C2EFCC /* Products */ = {
			isa = PBXGroup;
			children = (
				8242A0671F3D306200C2EFCC /* FloatableKeyboard.app */,
			);
			name = Products;
			sourceTree = "<group>";
		};
		8242A0691F3D306200C2EFCC /* FloatableKeyboard */ = {
			isa = PBXGroup;
			children = (
				82B034FB1F5CD79600659CB6 /* FloatableKeyboard */,
				8242A06D1F3D306200C2EFCC /* AppDelegate.h */,
				8242A06E1F3D306200C2EFCC /* AppDelegate.m */,
				8242A0701F3D306200C2EFCC /* ViewController.h */,
				8242A0711F3D306200C2EFCC /* ViewController.m */,
				8242A0731F3D306200C2EFCC /* Main.storyboard */,
				8242A0761F3D306200C2EFCC /* Assets.xcassets */,
				8242A0781F3D306200C2EFCC /* LaunchScreen.storyboard */,
				8242A07B1F3D306200C2EFCC /* Info.plist */,
				8242A0B31F3D842400C2EFCC /* screenshot.gif */,
				8242A06A1F3D306200C2EFCC /* Supporting Files */,
			);
			path = FloatableKeyboard;
			sourceTree = "<group>";
		};
		8242A06A1F3D306200C2EFCC /* Supporting Files */ = {
			isa = PBXGroup;
			children = (
				8242A06B1F3D306200C2EFCC /* main.m */,
			);
			name = "Supporting Files";
			sourceTree = "<group>";
		};
		82B034FB1F5CD79600659CB6 /* FloatableKeyboard */ = {
			isa = PBXGroup;
			children = (
				82B034FC1F5CD79600659CB6 /* UIView+FloatKeyboard.h */,
				82B034FD1F5CD79600659CB6 /* UIView+FloatKeyboard.m */,
				82B034FF1F5CD7CF00659CB6 /* FKTextField.h */,
				82B035001F5CD7CF00659CB6 /* FKTextField.m */,
				82B035021F5CD7E100659CB6 /* FKTextView.h */,
				82B035031F5CD7E100659CB6 /* FKTextView.m */,
			);
			path = FloatableKeyboard;
			sourceTree = "<group>";
		};
/* End PBXGroup section */

/* Begin PBXNativeTarget section */
		8242A0661F3D306200C2EFCC /* FloatableKeyboard */ = {
			isa = PBXNativeTarget;
			buildConfigurationList = 8242A07E1F3D306200C2EFCC /* Build configuration list for PBXNativeTarget "FloatableKeyboard" */;
			buildPhases = (
				8242A0631F3D306200C2EFCC /* Sources */,
				8242A0641F3D306200C2EFCC /* Frameworks */,
				8242A0651F3D306200C2EFCC /* Resources */,
			);
			buildRules = (
			);
			dependencies = (
			);
			name = FloatableKeyboard;
			productName = FloatableKeyboard;
			productReference = 8242A0671F3D306200C2EFCC /* FloatableKeyboard.app */;
			productType = "com.apple.product-type.application";
		};
/* End PBXNativeTarget section */

/* Begin PBXProject section */
		8242A05F1F3D306100C2EFCC /* Project object */ = {
			isa = PBXProject;
			attributes = {
				LastUpgradeCheck = 0830;
				ORGANIZATIONNAME = anjohnlv;
				TargetAttributes = {
					8242A0661F3D306200C2EFCC = {
						CreatedOnToolsVersion = 8.3.2;
						DevelopmentTeam = RUHEZP9NQR;
						ProvisioningStyle = Automatic;
					};
				};
			};
			buildConfigurationList = 8242A0621F3D306100C2EFCC /* Build configuration list for PBXProject "FloatableKeyboard" */;
			compatibilityVersion = "Xcode 3.2";
			developmentRegion = English;
			hasScannedForEncodings = 0;
			knownRegions = (
				en,
				Base,
			);
			mainGroup = 8242A05E1F3D306100C2EFCC;
			productRefGroup = 8242A0681F3D306200C2EFCC /* Products */;
			projectDirPath = "";
			projectRoot = "";
			targets = (
				8242A0661F3D306200C2EFCC /* FloatableKeyboard */,
			);
		};
/* End PBXProject section */

/* Begin PBXResourcesBuildPhase section */
		8242A0651F3D306200C2EFCC /* Resources */ = {
			isa = PBXResourcesBuildPhase;
			buildActionMask = 2147483647;
			files = (
				8242A0B41F3D842400C2EFCC /* screenshot.gif in Resources */,
				8242A07A1F3D306200C2EFCC /* LaunchScreen.storyboard in Resources */,
				8242A0771F3D306200C2EFCC /* Assets.xcassets in Resources */,
				8242A0751F3D306200C2EFCC /* Main.storyboard in Resources */,
			);
			runOnlyForDeploymentPostprocessing = 0;
		};
/* End PBXResourcesBuildPhase section */

/* Begin PBXSourcesBuildPhase section */
		8242A0631F3D306200C2EFCC /* Sources */ = {
			isa = PBXSourcesBuildPhase;
			buildActionMask = 2147483647;
			files = (
				82B035041F5CD7E100659CB6 /* FKTextView.m in Sources */,
				8242A0721F3D306200C2EFCC /* ViewController.m in Sources */,
				8242A06F1F3D306200C2EFCC /* AppDelegate.m in Sources */,
				8242A06C1F3D306200C2EFCC /* main.m in Sources */,
				82B035011F5CD7CF00659CB6 /* FKTextField.m in Sources */,
				82B034FE1F5CD79600659CB6 /* UIView+FloatKeyboard.m in Sources */,
			);
			runOnlyForDeploymentPostprocessing = 0;
		};
/* End PBXSourcesBuildPhase section */

/* Begin PBXVariantGroup section */
		8242A0731F3D306200C2EFCC /* Main.storyboard */ = {
			isa = PBXVariantGroup;
			children = (
				8242A0741F3D306200C2EFCC /* Base */,
			);
			name = Main.storyboard;
			sourceTree = "<group>";
		};
		8242A0781F3D306200C2EFCC /* LaunchScreen.storyboard */ = {
			isa = PBXVariantGroup;
			children = (
				8242A0791F3D306200C2EFCC /* Base */,
			);
			name = LaunchScreen.storyboard;
			sourceTree = "<group>";
		};
/* End PBXVariantGroup section */

/* Begin XCBuildConfiguration section */
		8242A07C1F3D306200C2EFCC /* Debug */ = {
			isa = XCBuildConfiguration;
			buildSettings = {
				ALWAYS_SEARCH_USER_PATHS = NO;
				CLANG_ANALYZER_NONNULL = YES;
				CLANG_ANALYZER_NUMBER_OBJECT_CONVERSION = YES_AGGRESSIVE;
				CLANG_CXX_LANGUAGE_STANDARD = "gnu++0x";
				CLANG_CXX_LIBRARY = "libc++";
				CLANG_ENABLE_MODULES = YES;
				CLANG_ENABLE_OBJC_ARC = YES;
				CLANG_WARN_BOOL_CONVERSION = YES;
				CLANG_WARN_CONSTANT_CONVERSION = YES;
				CLANG_WARN_DIRECT_OBJC_ISA_USAGE = YES_ERROR;
				CLANG_WARN_DOCUMENTATION_COMMENTS = YES;
				CLANG_WARN_EMPTY_BODY = YES;
				CLANG_WARN_ENUM_CONVERSION = YES;
				CLANG_WARN_INFINITE_RECURSION = YES;
				CLANG_WARN_INT_CONVERSION = YES;
				CLANG_WARN_OBJC_ROOT_CLASS = YES_ERROR;
				CLANG_WARN_SUSPICIOUS_MOVE = YES;
				CLANG_WARN_UNREACHABLE_CODE = YES;
				CLANG_WARN__DUPLICATE_METHOD_MATCH = YES;
				"CODE_SIGN_IDENTITY[sdk=iphoneos*]" = "iPhone Developer";
				COPY_PHASE_STRIP = NO;
				DEBUG_INFORMATION_FORMAT = dwarf;
				ENABLE_STRICT_OBJC_MSGSEND = YES;
				ENABLE_TESTABILITY = YES;
				GCC_C_LANGUAGE_STANDARD = gnu99;
				GCC_DYNAMIC_NO_PIC = NO;
				GCC_NO_COMMON_BLOCKS = YES;
				GCC_OPTIMIZATION_LEVEL = 0;
				GCC_PREPROCESSOR_DEFINITIONS = (
					"DEBUG=1",
					"$(inherited)",
				);
				GCC_WARN_64_TO_32_BIT_CONVERSION = YES;
				GCC_WARN_ABOUT_RETURN_TYPE = YES_ERROR;
				GCC_WARN_UNDECLARED_SELECTOR = YES;
				GCC_WARN_UNINITIALIZED_AUTOS = YES_AGGRESSIVE;
				GCC_WARN_UNUSED_FUNCTION = YES;
				GCC_WARN_UNUSED_VARIABLE = YES;
				IPHONEOS_DEPLOYMENT_TARGET = 10.3;
				MTL_ENABLE_DEBUG_INFO = YES;
				ONLY_ACTIVE_ARCH = YES;
				SDKROOT = iphoneos;
				TARGETED_DEVICE_FAMILY = "1,2";
			};
			name = Debug;
		};
		8242A07D1F3D306200C2EFCC /* Release */ = {
			isa = XCBuildConfiguration;
			buildSettings = {
				ALWAYS_SEARCH_USER_PATHS = NO;
				CLANG_ANALYZER_NONNULL = YES;
				CLANG_ANALYZER_NUMBER_OBJECT_CONVERSION = YES_AGGRESSIVE;
				CLANG_CXX_LANGUAGE_STANDARD = "gnu++0x";
				CLANG_CXX_LIBRARY = "libc++";
				CLANG_ENABLE_MODULES = YES;
				CLANG_ENABLE_OBJC_ARC = YES;
				CLANG_WARN_BOOL_CONVERSION = YES;
				CLANG_WARN_CONSTANT_CONVERSION = YES;
				CLANG_WARN_DIRECT_OBJC_ISA_USAGE = YES_ERROR;
				CLANG_WARN_DOCUMENTATION_COMMENTS = YES;
				CLANG_WARN_EMPTY_BODY = YES;
				CLANG_WARN_ENUM_CONVERSION = YES;
				CLANG_WARN_INFINITE_RECURSION = YES;
				CLANG_WARN_INT_CONVERSION = YES;
				CLANG_WARN_OBJC_ROOT_CLASS = YES_ERROR;
				CLANG_WARN_SUSPICIOUS_MOVE = YES;
				CLANG_WARN_UNREACHABLE_CODE = YES;
				CLANG_WARN__DUPLICATE_METHOD_MATCH = YES;
				"CODE_SIGN_IDENTITY[sdk=iphoneos*]" = "iPhone Developer";
				COPY_PHASE_STRIP = NO;
				DEBUG_INFORMATION_FORMAT = "dwarf-with-dsym";
				ENABLE_NS_ASSERTIONS = NO;
				ENABLE_STRICT_OBJC_MSGSEND = YES;
				GCC_C_LANGUAGE_STANDARD = gnu99;
				GCC_NO_COMMON_BLOCKS = YES;
				GCC_WARN_64_TO_32_BIT_CONVERSION = YES;
				GCC_WARN_ABOUT_RETURN_TYPE = YES_ERROR;
				GCC_WARN_UNDECLARED_SELECTOR = YES;
				GCC_WARN_UNINITIALIZED_AUTOS = YES_AGGRESSIVE;
				GCC_WARN_UNUSED_FUNCTION = YES;
				GCC_WARN_UNUSED_VARIABLE = YES;
				IPHONEOS_DEPLOYMENT_TARGET = 10.3;
				MTL_ENABLE_DEBUG_INFO = NO;
				SDKROOT = iphoneos;
				TARGETED_DEVICE_FAMILY = "1,2";
				VALIDATE_PRODUCT = YES;
			};
			name = Release;
		};
		8242A07F1F3D306200C2EFCC /* Debug */ = {
			isa = XCBuildConfiguration;
			buildSettings = {
				ASSETCATALOG_COMPILER_APPICON_NAME = AppIcon;
				DEVELOPMENT_TEAM = RUHEZP9NQR;
				INFOPLIST_FILE = FloatableKeyboard/Info.plist;
				LD_RUNPATH_SEARCH_PATHS = "$(inherited) @executable_path/Frameworks";
				PRODUCT_BUNDLE_IDENTIFIER = com.anjohnlv.FloatableKeyboard;
				PRODUCT_NAME = "$(TARGET_NAME)";
			};
			name = Debug;
		};
		8242A0801F3D306200C2EFCC /* Release */ = {
			isa = XCBuildConfiguration;
			buildSettings = {
				ASSETCATALOG_COMPILER_APPICON_NAME = AppIcon;
				DEVELOPMENT_TEAM = RUHEZP9NQR;
				INFOPLIST_FILE = FloatableKeyboard/Info.plist;
				LD_RUNPATH_SEARCH_PATHS = "$(inherited) @executable_path/Frameworks";
				PRODUCT_BUNDLE_IDENTIFIER = com.anjohnlv.FloatableKeyboard;
				PRODUCT_NAME = "$(TARGET_NAME)";
			};
			name = Release;
		};
/* End XCBuildConfiguration section */

/* Begin XCConfigurationList section */
		8242A0621F3D306100C2EFCC /* Build configuration list for PBXProject "FloatableKeyboard" */ = {
			isa = XCConfigurationList;
			buildConfigurations = (
				8242A07C1F3D306200C2EFCC /* Debug */,
				8242A07D1F3D306200C2EFCC /* Release */,
			);
			defaultConfigurationIsVisible = 0;
			defaultConfigurationName = Release;
		};
		8242A07E1F3D306200C2EFCC /* Build configuration list for PBXNativeTarget "FloatableKeyboard" */ = {
			isa = XCConfigurationList;
			buildConfigurations = (
				8242A07F1F3D306200C2EFCC /* Debug */,
				8242A0801F3D306200C2EFCC /* Release */,
			);
			defaultConfigurationIsVisible = 0;
			defaultConfigurationName = Release;
		};
/* End XCConfigurationList section */
	};
	rootObject = 8242A05F1F3D306100C2EFCC /* Project object */;
}
